
Microsoft Visual Studio Solution File, Format Version 12.00
# Visual Studio 15
VisualStudioVersion = 15.0.28010.2036
MinimumVisualStudioVersion = 10.0.40219.1
Project("{FAE04EC0-301F-11D3-BF4B-00C04F79EFBC}") = "Lab3", "Lab3\Lab3.csproj", "{573DDEB3-47DA-4FFF-B9E3-73433C58142E}"
EndProject
Global
	GlobalSection(SolutionConfigurationPlatforms) = preSolution
		Debug|Any CPU = Debug|Any CPU
		Release|Any CPU = Release|Any CPU
	EndGlobalSection
	GlobalSection(ProjectConfigurationPlatforms) = postSolution
		{573DDEB3-47DA-4FFF-B9E3-73433C58142E}.Debug|Any CPU.ActiveCfg = Debug|Any CPU
		{573DDEB3-47DA-4FFF-B9E3-73433C58142E}.Debug|Any CPU.Build.0 = Debug|Any CPU
		{573DDEB3-47DA-4FFF-B9E3-73433C58142E}.Release|Any CPU.ActiveCfg = Release|Any CPU
		{573DDEB3-47DA-4FFF-B9E3-73433C58142E}.Release|Any CPU.Build.0 = Release|Any CPU
	EndGlobalSection
	GlobalSection(SolutionProperties) = preSolution
		HideSolutionNode = FALSE
	EndGlobalSection
	GlobalSection(ExtensibilityGlobals) = postSolution
		SolutionGuid = {22A0240B-D5B9-4D54-B8A7-823620CC7B0A}
	EndGlobalSection
EndGlobal
