
Microsoft Visual Studio Solution File, Format Version 12.00
# Visual Studio 15
VisualStudioVersion = 15.0.28010.2036
MinimumVisualStudioVersion = 10.0.40219.1
Project("{FAE04EC0-301F-11D3-BF4B-00C04F79EFBC}") = "Attribute", "Attribute\Attribute.csproj", "{78302571-801F-41AE-BE99-6F87C9C51663}"
EndProject
Global
	GlobalSection(SolutionConfigurationPlatforms) = preSolution
		Debug|Any CPU = Debug|Any CPU
		Release|Any CPU = Release|Any CPU
	EndGlobalSection
	GlobalSection(ProjectConfigurationPlatforms) = postSolution
		{78302571-801F-41AE-BE99-6F87C9C51663}.Debug|Any CPU.ActiveCfg = Debug|Any CPU
		{78302571-801F-41AE-BE99-6F87C9C51663}.Debug|Any CPU.Build.0 = Debug|Any CPU
		{78302571-801F-41AE-BE99-6F87C9C51663}.Release|Any CPU.ActiveCfg = Release|Any CPU
		{78302571-801F-41AE-BE99-6F87C9C51663}.Release|Any CPU.Build.0 = Release|Any CPU
	EndGlobalSection
	GlobalSection(SolutionProperties) = preSolution
		HideSolutionNode = FALSE
	EndGlobalSection
	GlobalSection(ExtensibilityGlobals) = postSolution
		SolutionGuid = {11EEFC45-E07A-40F7-BBAF-AB093EE46E62}
	EndGlobalSection
EndGlobal
