
Microsoft Visual Studio Solution File, Format Version 12.00
# Visual Studio 15
VisualStudioVersion = 15.0.28010.2036
MinimumVisualStudioVersion = 10.0.40219.1
Project("{FAE04EC0-301F-11D3-BF4B-00C04F79EFBC}") = "LogBuffer", "LogBuffer\LogBuffer.csproj", "{7C78855E-A1AD-43FE-8F4C-118FB140E6C3}"
EndProject
Global
	GlobalSection(SolutionConfigurationPlatforms) = preSolution
		Debug|Any CPU = Debug|Any CPU
		Release|Any CPU = Release|Any CPU
	EndGlobalSection
	GlobalSection(ProjectConfigurationPlatforms) = postSolution
		{7C78855E-A1AD-43FE-8F4C-118FB140E6C3}.Debug|Any CPU.ActiveCfg = Debug|Any CPU
		{7C78855E-A1AD-43FE-8F4C-118FB140E6C3}.Debug|Any CPU.Build.0 = Debug|Any CPU
		{7C78855E-A1AD-43FE-8F4C-118FB140E6C3}.Release|Any CPU.ActiveCfg = Release|Any CPU
		{7C78855E-A1AD-43FE-8F4C-118FB140E6C3}.Release|Any CPU.Build.0 = Release|Any CPU
	EndGlobalSection
	GlobalSection(SolutionProperties) = preSolution
		HideSolutionNode = FALSE
	EndGlobalSection
	GlobalSection(ExtensibilityGlobals) = postSolution
		SolutionGuid = {DDDE6349-F2A7-4967-86C6-C4F13F8FD7CC}
	EndGlobalSection
EndGlobal
